
Microsoft Visual Studio Solution File, Format Version 12.00
# Visual Studio 2013
VisualStudioVersion = 12.0.21005.1
MinimumVisualStudioVersion = 10.0.40219.1
Project("{FAE04EC0-301F-11D3-BF4B-00C04F79EFBC}") = "WMS", "WMS\WMS.csproj", "{34B71B10-6C35-47B7-857A-E16E14655227}"
EndProject
Project("{FAE04EC0-301F-11D3-BF4B-00C04F79EFBC}") = "WMS.Models", "WMS.Models\WMS.Models.csproj", "{78A9F3A2-DCF3-4B17-AA22-9FEE33649684}"
EndProject
Global
	GlobalSection(SolutionConfigurationPlatforms) = preSolution
		Debug|Any CPU = Debug|Any CPU
		Release|Any CPU = Release|Any CPU
	EndGlobalSection
	GlobalSection(ProjectConfigurationPlatforms) = postSolution
		{34B71B10-6C35-47B7-857A-E16E14655227}.Debug|Any CPU.ActiveCfg = Debug|Any CPU
		{34B71B10-6C35-47B7-857A-E16E14655227}.Debug|Any CPU.Build.0 = Debug|Any CPU
		{34B71B10-6C35-47B7-857A-E16E14655227}.Release|Any CPU.ActiveCfg = Release|Any CPU
		{34B71B10-6C35-47B7-857A-E16E14655227}.Release|Any CPU.Build.0 = Release|Any CPU
		{78A9F3A2-DCF3-4B17-AA22-9FEE33649684}.Debug|Any CPU.ActiveCfg = Debug|Any CPU
		{78A9F3A2-DCF3-4B17-AA22-9FEE33649684}.Debug|Any CPU.Build.0 = Debug|Any CPU
		{78A9F3A2-DCF3-4B17-AA22-9FEE33649684}.Release|Any CPU.ActiveCfg = Release|Any CPU
		{78A9F3A2-DCF3-4B17-AA22-9FEE33649684}.Release|Any CPU.Build.0 = Release|Any CPU
	EndGlobalSection
	GlobalSection(SolutionProperties) = preSolution
		HideSolutionNode = FALSE
	EndGlobalSection
EndGlobal
